// !$*UTF8*$!
{
	archiveVersion = 1;
	classes = {
	};
	objectVersion = 55;
	objects = {

/* Begin PBXBuildFile section */
		0428470727D827F3007A36EE /* AppDelegate.swift in Sources */ = {isa = PBXBuildFile; fileRef = 0428470627D827F3007A36EE /* AppDelegate.swift */; };
		0428470927D827F3007A36EE /* SceneDelegate.swift in Sources */ = {isa = PBXBuildFile; fileRef = 0428470827D827F3007A36EE /* SceneDelegate.swift */; };
		0428470B27D827F3007A36EE /* HomeViewController.swift in Sources */ = {isa = PBXBuildFile; fileRef = 0428470A27D827F3007A36EE /* HomeViewController.swift */; };
		0428470E27D827F3007A36EE /* Main.storyboard in Resources */ = {isa = PBXBuildFile; fileRef = 0428470C27D827F3007A36EE /* Main.storyboard */; };
		0428471027D827F4007A36EE /* Assets.xcassets in Resources */ = {isa = PBXBuildFile; fileRef = 0428470F27D827F4007A36EE /* Assets.xcassets */; };
		0428471327D827F4007A36EE /* LaunchScreen.storyboard in Resources */ = {isa = PBXBuildFile; fileRef = 0428471127D827F4007A36EE /* LaunchScreen.storyboard */; };
		0428471B27D8363D007A36EE /* Blinkist.json in Resources */ = {isa = PBXBuildFile; fileRef = 0428471A27D8363D007A36EE /* Blinkist.json */; };
		0428471D27D8509C007A36EE /* BlinkistBooksCollectionViewCell.swift in Sources */ = {isa = PBXBuildFile; fileRef = 0428471C27D8509C007A36EE /* BlinkistBooksCollectionViewCell.swift */; };
		0428471F27D85AD2007A36EE /* BookFileDetails.swift in Sources */ = {isa = PBXBuildFile; fileRef = 0428471E27D85AD2007A36EE /* BookFileDetails.swift */; };
/* End PBXBuildFile section */

/* Begin PBXFileReference section */
		0428470327D827F3007A36EE /* BlinkistApp.app */ = {isa = PBXFileReference; explicitFileType = wrapper.application; includeInIndex = 0; path = BlinkistApp.app; sourceTree = BUILT_PRODUCTS_DIR; };
		0428470627D827F3007A36EE /* AppDelegate.swift */ = {isa = PBXFileReference; lastKnownFileType = sourcecode.swift; path = AppDelegate.swift; sourceTree = "<group>"; };
		0428470827D827F3007A36EE /* SceneDelegate.swift */ = {isa = PBXFileReference; lastKnownFileType = sourcecode.swift; path = SceneDelegate.swift; sourceTree = "<group>"; };
		0428470A27D827F3007A36EE /* HomeViewController.swift */ = {isa = PBXFileReference; lastKnownFileType = sourcecode.swift; path = HomeViewController.swift; sourceTree = "<group>"; };
		0428470D27D827F3007A36EE /* Base */ = {isa = PBXFileReference; lastKnownFileType = file.storyboard; name = Base; path = Base.lproj/Main.storyboard; sourceTree = "<group>"; };
		0428470F27D827F4007A36EE /* Assets.xcassets */ = {isa = PBXFileReference; lastKnownFileType = folder.assetcatalog; path = Assets.xcassets; sourceTree = "<group>"; };
		0428471227D827F4007A36EE /* Base */ = {isa = PBXFileReference; lastKnownFileType = file.storyboard; name = Base; path = Base.lproj/LaunchScreen.storyboard; sourceTree = "<group>"; };
		0428471427D827F4007A36EE /* Info.plist */ = {isa = PBXFileReference; lastKnownFileType = text.plist.xml; path = Info.plist; sourceTree = "<group>"; };
		0428471A27D8363D007A36EE /* Blinkist.json */ = {isa = PBXFileReference; fileEncoding = 4; lastKnownFileType = text.json; name = Blinkist.json; path = ../../Blinkist.json; sourceTree = "<group>"; };
		0428471C27D8509C007A36EE /* BlinkistBooksCollectionViewCell.swift */ = {isa = PBXFileReference; lastKnownFileType = sourcecode.swift; path = BlinkistBooksCollectionViewCell.swift; sourceTree = "<group>"; };
		0428471E27D85AD2007A36EE /* BookFileDetails.swift */ = {isa = PBXFileReference; lastKnownFileType = sourcecode.swift; path = BookFileDetails.swift; sourceTree = "<group>"; };
/* End PBXFileReference section */

/* Begin PBXFrameworksBuildPhase section */
		0428470027D827F3007A36EE /* Frameworks */ = {
			isa = PBXFrameworksBuildPhase;
			buildActionMask = 2147483647;
			files = (
			);
			runOnlyForDeploymentPostprocessing = 0;
		};
/* End PBXFrameworksBuildPhase section */

/* Begin PBXGroup section */
		042846FA27D827F3007A36EE = {
			isa = PBXGroup;
			children = (
				0428470527D827F3007A36EE /* BlinkistApp */,
				0428470427D827F3007A36EE /* Products */,
			);
			sourceTree = "<group>";
		};
		0428470427D827F3007A36EE /* Products */ = {
			isa = PBXGroup;
			children = (
				0428470327D827F3007A36EE /* BlinkistApp.app */,
			);
			name = Products;
			sourceTree = "<group>";
		};
		0428470527D827F3007A36EE /* BlinkistApp */ = {
			isa = PBXGroup;
			children = (
				0428470627D827F3007A36EE /* AppDelegate.swift */,
				0428470827D827F3007A36EE /* SceneDelegate.swift */,
				0428470A27D827F3007A36EE /* HomeViewController.swift */,
				0428470C27D827F3007A36EE /* Main.storyboard */,
				0428470F27D827F4007A36EE /* Assets.xcassets */,
				0428471A27D8363D007A36EE /* Blinkist.json */,
				0428471127D827F4007A36EE /* LaunchScreen.storyboard */,
				0428471427D827F4007A36EE /* Info.plist */,
				0428471C27D8509C007A36EE /* BlinkistBooksCollectionViewCell.swift */,
				0428471E27D85AD2007A36EE /* BookFileDetails.swift */,
			);
			path = BlinkistApp;
			sourceTree = "<group>";
		};
/* End PBXGroup section */

/* Begin PBXNativeTarget section */
		0428470227D827F3007A36EE /* BlinkistApp */ = {
			isa = PBXNativeTarget;
			buildConfigurationList = 0428471727D827F4007A36EE /* Build configuration list for PBXNativeTarget "BlinkistApp" */;
			buildPhases = (
				042846FF27D827F3007A36EE /* Sources */,
				0428470027D827F3007A36EE /* Frameworks */,
				0428470127D827F3007A36EE /* Resources */,
			);
			buildRules = (
			);
			dependencies = (
			);
			name = BlinkistApp;
			productName = BlinkistApp;
			productReference = 0428470327D827F3007A36EE /* BlinkistApp.app */;
			productType = "com.apple.product-type.application";
		};
/* End PBXNativeTarget section */

/* Begin PBXProject section */
		042846FB27D827F3007A36EE /* Project object */ = {
			isa = PBXProject;
			attributes = {
				BuildIndependentTargetsInParallel = 1;
				LastSwiftUpdateCheck = 1320;
				LastUpgradeCheck = 1320;
				TargetAttributes = {
					0428470227D827F3007A36EE = {
						CreatedOnToolsVersion = 13.2.1;
					};
				};
			};
			buildConfigurationList = 042846FE27D827F3007A36EE /* Build configuration list for PBXProject "BlinkistApp" */;
			compatibilityVersion = "Xcode 13.0";
			developmentRegion = en;
			hasScannedForEncodings = 0;
			knownRegions = (
				en,
				Base,
			);
			mainGroup = 042846FA27D827F3007A36EE;
			productRefGroup = 0428470427D827F3007A36EE /* Products */;
			projectDirPath = "";
			projectRoot = "";
			targets = (
				0428470227D827F3007A36EE /* BlinkistApp */,
			);
		};
/* End PBXProject section */

/* Begin PBXResourcesBuildPhase section */
		0428470127D827F3007A36EE /* Resources */ = {
			isa = PBXResourcesBuildPhase;
			buildActionMask = 2147483647;
			files = (
				0428471327D827F4007A36EE /* LaunchScreen.storyboard in Resources */,
				0428471B27D8363D007A36EE /* Blinkist.json in Resources */,
				0428471027D827F4007A36EE /* Assets.xcassets in Resources */,
				0428470E27D827F3007A36EE /* Main.storyboard in Resources */,
			);
			runOnlyForDeploymentPostprocessing = 0;
		};
/* End PBXResourcesBuildPhase section */

/* Begin PBXSourcesBuildPhase section */
		042846FF27D827F3007A36EE /* Sources */ = {
			isa = PBXSourcesBuildPhase;
			buildActionMask = 2147483647;
			files = (
				0428470B27D827F3007A36EE /* HomeViewController.swift in Sources */,
				0428471D27D8509C007A36EE /* BlinkistBooksCollectionViewCell.swift in Sources */,
				0428470727D827F3007A36EE /* AppDelegate.swift in Sources */,
				0428471F27D85AD2007A36EE /* BookFileDetails.swift in Sources */,
				0428470927D827F3007A36EE /* SceneDelegate.swift in Sources */,
			);
			runOnlyForDeploymentPostprocessing = 0;
		};
/* End PBXSourcesBuildPhase section */

/* Begin PBXVariantGroup section */
		0428470C27D827F3007A36EE /* Main.storyboard */ = {
			isa = PBXVariantGroup;
			children = (
				0428470D27D827F3007A36EE /* Base */,
			);
			name = Main.storyboard;
			sourceTree = "<group>";
		};
		0428471127D827F4007A36EE /* LaunchScreen.storyboard */ = {
			isa = PBXVariantGroup;
			children = (
				0428471227D827F4007A36EE /* Base */,
			);
			name = LaunchScreen.storyboard;
			sourceTree = "<group>";
		};
/* End PBXVariantGroup section */

/* Begin XCBuildConfiguration section */
		0428471527D827F4007A36EE /* Debug */ = {
			isa = XCBuildConfiguration;
			buildSettings = {
				ALWAYS_SEARCH_USER_PATHS = NO;
				CLANG_ANALYZER_NONNULL = YES;
				CLANG_ANALYZER_NUMBER_OBJECT_CONVERSION = YES_AGGRESSIVE;
				CLANG_CXX_LANGUAGE_STANDARD = "gnu++17";
				CLANG_CXX_LIBRARY = "libc++";
				CLANG_ENABLE_MODULES = YES;
				CLANG_ENABLE_OBJC_ARC = YES;
				CLANG_ENABLE_OBJC_WEAK = YES;
				CLANG_WARN_BLOCK_CAPTURE_AUTORELEASING = YES;
				CLANG_WARN_BOOL_CONVERSION = YES;
				CLANG_WARN_COMMA = YES;
				CLANG_WARN_CONSTANT_CONVERSION = YES;
				CLANG_WARN_DEPRECATED_OBJC_IMPLEMENTATIONS = YES;
				CLANG_WARN_DIRECT_OBJC_ISA_USAGE = YES_ERROR;
				CLANG_WARN_DOCUMENTATION_COMMENTS = YES;
				CLANG_WARN_EMPTY_BODY = YES;
				CLANG_WARN_ENUM_CONVERSION = YES;
				CLANG_WARN_INFINITE_RECURSION = YES;
				CLANG_WARN_INT_CONVERSION = YES;
				CLANG_WARN_NON_LITERAL_NULL_CONVERSION = YES;
				CLANG_WARN_OBJC_IMPLICIT_RETAIN_SELF = YES;
				CLANG_WARN_OBJC_LITERAL_CONVERSION = YES;
				CLANG_WARN_OBJC_ROOT_CLASS = YES_ERROR;
				CLANG_WARN_QUOTED_INCLUDE_IN_FRAMEWORK_HEADER = YES;
				CLANG_WARN_RANGE_LOOP_ANALYSIS = YES;
				CLANG_WARN_STRICT_PROTOTYPES = YES;
				CLANG_WARN_SUSPICIOUS_MOVE = YES;
				CLANG_WARN_UNGUARDED_AVAILABILITY = YES_AGGRESSIVE;
				CLANG_WARN_UNREACHABLE_CODE = YES;
				CLANG_WARN__DUPLICATE_METHOD_MATCH = YES;
				COPY_PHASE_STRIP = NO;
				DEBUG_INFORMATION_FORMAT = dwarf;
				ENABLE_STRICT_OBJC_MSGSEND = YES;
				ENABLE_TESTABILITY = YES;
				GCC_C_LANGUAGE_STANDARD = gnu11;
				GCC_DYNAMIC_NO_PIC = NO;
				GCC_NO_COMMON_BLOCKS = YES;
				GCC_OPTIMIZATION_LEVEL = 0;
				GCC_PREPROCESSOR_DEFINITIONS = (
					"DEBUG=1",
					"$(inherited)",
				);
				GCC_WARN_64_TO_32_BIT_CONVERSION = YES;
				GCC_WARN_ABOUT_RETURN_TYPE = YES_ERROR;
				GCC_WARN_UNDECLARED_SELECTOR = YES;
				GCC_WARN_UNINITIALIZED_AUTOS = YES_AGGRESSIVE;
				GCC_WARN_UNUSED_FUNCTION = YES;
				GCC_WARN_UNUSED_VARIABLE = YES;
				IPHONEOS_DEPLOYMENT_TARGET = 15.2;
				MTL_ENABLE_DEBUG_INFO = INCLUDE_SOURCE;
				MTL_FAST_MATH = YES;
				ONLY_ACTIVE_ARCH = YES;
				SDKROOT = iphoneos;
				SWIFT_ACTIVE_COMPILATION_CONDITIONS = DEBUG;
				SWIFT_OPTIMIZATION_LEVEL = "-Onone";
			};
			name = Debug;
		};
		0428471627D827F4007A36EE /* Release */ = {
			isa = XCBuildConfiguration;
			buildSettings = {
				ALWAYS_SEARCH_USER_PATHS = NO;
				CLANG_ANALYZER_NONNULL = YES;
				CLANG_ANALYZER_NUMBER_OBJECT_CONVERSION = YES_AGGRESSIVE;
				CLANG_CXX_LANGUAGE_STANDARD = "gnu++17";
				CLANG_CXX_LIBRARY = "libc++";
				CLANG_ENABLE_MODULES = YES;
				CLANG_ENABLE_OBJC_ARC = YES;
				CLANG_ENABLE_OBJC_WEAK = YES;
				CLANG_WARN_BLOCK_CAPTURE_AUTORELEASING = YES;
				CLANG_WARN_BOOL_CONVERSION = YES;
				CLANG_WARN_COMMA = YES;
				CLANG_WARN_CONSTANT_CONVERSION = YES;
				CLANG_WARN_DEPRECATED_OBJC_IMPLEMENTATIONS = YES;
				CLANG_WARN_DIRECT_OBJC_ISA_USAGE = YES_ERROR;
				CLANG_WARN_DOCUMENTATION_COMMENTS = YES;
				CLANG_WARN_EMPTY_BODY = YES;
				CLANG_WARN_ENUM_CONVERSION = YES;
				CLANG_WARN_INFINITE_RECURSION = YES;
				CLANG_WARN_INT_CONVERSION = YES;
				CLANG_WARN_NON_LITERAL_NULL_CONVERSION = YES;
				CLANG_WARN_OBJC_IMPLICIT_RETAIN_SELF = YES;
				CLANG_WARN_OBJC_LITERAL_CONVERSION = YES;
				CLANG_WARN_OBJC_ROOT_CLASS = YES_ERROR;
				CLANG_WARN_QUOTED_INCLUDE_IN_FRAMEWORK_HEADER = YES;
				CLANG_WARN_RANGE_LOOP_ANALYSIS = YES;
				CLANG_WARN_STRICT_PROTOTYPES = YES;
				CLANG_WARN_SUSPICIOUS_MOVE = YES;
				CLANG_WARN_UNGUARDED_AVAILABILITY = YES_AGGRESSIVE;
				CLANG_WARN_UNREACHABLE_CODE = YES;
				CLANG_WARN__DUPLICATE_METHOD_MATCH = YES;
				COPY_PHASE_STRIP = NO;
				DEBUG_INFORMATION_FORMAT = "dwarf-with-dsym";
				ENABLE_NS_ASSERTIONS = NO;
				ENABLE_STRICT_OBJC_MSGSEND = YES;
				GCC_C_LANGUAGE_STANDARD = gnu11;
				GCC_NO_COMMON_BLOCKS = YES;
				GCC_WARN_64_TO_32_BIT_CONVERSION = YES;
				GCC_WARN_ABOUT_RETURN_TYPE = YES_ERROR;
				GCC_WARN_UNDECLARED_SELECTOR = YES;
				GCC_WARN_UNINITIALIZED_AUTOS = YES_AGGRESSIVE;
				GCC_WARN_UNUSED_FUNCTION = YES;
				GCC_WARN_UNUSED_VARIABLE = YES;
				IPHONEOS_DEPLOYMENT_TARGET = 15.2;
				MTL_ENABLE_DEBUG_INFO = NO;
				MTL_FAST_MATH = YES;
				SDKROOT = iphoneos;
				SWIFT_COMPILATION_MODE = wholemodule;
				SWIFT_OPTIMIZATION_LEVEL = "-O";
				VALIDATE_PRODUCT = YES;
			};
			name = Release;
		};
		0428471827D827F4007A36EE /* Debug */ = {
			isa = XCBuildConfiguration;
			buildSettings = {
				ASSETCATALOG_COMPILER_APPICON_NAME = AppIcon;
				ASSETCATALOG_COMPILER_GLOBAL_ACCENT_COLOR_NAME = AccentColor;
				CODE_SIGN_STYLE = Automatic;
				CURRENT_PROJECT_VERSION = 1;
				DEVELOPMENT_TEAM = TU6K7VWRVB;
				GENERATE_INFOPLIST_FILE = YES;
				INFOPLIST_FILE = BlinkistApp/Info.plist;
				INFOPLIST_KEY_UIApplicationSupportsIndirectInputEvents = YES;
				INFOPLIST_KEY_UILaunchStoryboardName = LaunchScreen;
				INFOPLIST_KEY_UIMainStoryboardFile = Main;
				INFOPLIST_KEY_UISupportedInterfaceOrientations_iPad = "UIInterfaceOrientationPortrait UIInterfaceOrientationPortraitUpsideDown UIInterfaceOrientationLandscapeLeft UIInterfaceOrientationLandscapeRight";
				INFOPLIST_KEY_UISupportedInterfaceOrientations_iPhone = "UIInterfaceOrientationPortrait UIInterfaceOrientationLandscapeLeft UIInterfaceOrientationLandscapeRight";
				LD_RUNPATH_SEARCH_PATHS = (
					"$(inherited)",
					"@executable_path/Frameworks",
				);
				MARKETING_VERSION = 1.0;
				PRODUCT_BUNDLE_IDENTIFIER = com.ayanfesolutions.BlinkistApp;
				PRODUCT_NAME = "$(TARGET_NAME)";
				SWIFT_EMIT_LOC_STRINGS = YES;
				SWIFT_VERSION = 5.0;
				TARGETED_DEVICE_FAMILY = "1,2";
			};
			name = Debug;
		};
		0428471927D827F4007A36EE /* Release */ = {
			isa = XCBuildConfiguration;
			buildSettings = {
				ASSETCATALOG_COMPILER_APPICON_NAME = AppIcon;
				ASSETCATALOG_COMPILER_GLOBAL_ACCENT_COLOR_NAME = AccentColor;
				CODE_SIGN_STYLE = Automatic;
				CURRENT_PROJECT_VERSION = 1;
				DEVELOPMENT_TEAM = TU6K7VWRVB;
				GENERATE_INFOPLIST_FILE = YES;
				INFOPLIST_FILE = BlinkistApp/Info.plist;
				INFOPLIST_KEY_UIApplicationSupportsIndirectInputEvents = YES;
				INFOPLIST_KEY_UILaunchStoryboardName = LaunchScreen;
				INFOPLIST_KEY_UIMainStoryboardFile = Main;
				INFOPLIST_KEY_UISupportedInterfaceOrientations_iPad = "UIInterfaceOrientationPortrait UIInterfaceOrientationPortraitUpsideDown UIInterfaceOrientationLandscapeLeft UIInterfaceOrientationLandscapeRight";
				INFOPLIST_KEY_UISupportedInterfaceOrientations_iPhone = "UIInterfaceOrientationPortrait UIInterfaceOrientationLandscapeLeft UIInterfaceOrientationLandscapeRight";
				LD_RUNPATH_SEARCH_PATHS = (
					"$(inherited)",
					"@executable_path/Frameworks",
				);
				MARKETING_VERSION = 1.0;
				PRODUCT_BUNDLE_IDENTIFIER = com.ayanfesolutions.BlinkistApp;
				PRODUCT_NAME = "$(TARGET_NAME)";
				SWIFT_EMIT_LOC_STRINGS = YES;
				SWIFT_VERSION = 5.0;
				TARGETED_DEVICE_FAMILY = "1,2";
			};
			name = Release;
		};
/* End XCBuildConfiguration section */

/* Begin XCConfigurationList section */
		042846FE27D827F3007A36EE /* Build configuration list for PBXProject "BlinkistApp" */ = {
			isa = XCConfigurationList;
			buildConfigurations = (
				0428471527D827F4007A36EE /* Debug */,
				0428471627D827F4007A36EE /* Release */,
			);
			defaultConfigurationIsVisible = 0;
			defaultConfigurationName = Release;
		};
		0428471727D827F4007A36EE /* Build configuration list for PBXNativeTarget "BlinkistApp" */ = {
			isa = XCConfigurationList;
			buildConfigurations = (
				0428471827D827F4007A36EE /* Debug */,
				0428471927D827F4007A36EE /* Release */,
			);
			defaultConfigurationIsVisible = 0;
			defaultConfigurationName = Release;
		};
/* End XCConfigurationList section */
	};
	rootObject = 042846FB27D827F3007A36EE /* Project object */;
}
